schema: '2.0'
stages:
  train:
    cmd: python train_classifier.py
    deps:
    - path: PLV_LINEAR.dat
      md5: 39c510b64cacd788be95bdde49058592
      size: 700442
    - path: allDAT
      md5: 768a54fe66973f283e9177c7f8656cb9.dir
      size: 78651294
      nfiles: 14388
    - path: train_classifier.py
      md5: aa38a47cee34c1b6945dea0bc8f38168
      size: 2093
    params:
      params.yaml:
        dataset_seed: 1234
        lr: 0.001
        n_grid: 30
        nepochs: 10
    outs:
    - path: model.pt
      md5: 634b307dd2800cef095db0e12a094bd3
      size: 21199
    - path: scores.json
      md5: 652697ba2fbeec1672a8eaf564450746
      size: 43
