schema: '2.0'
stages:
  train_periodogram:
    cmd: python ../../src/train_periodogram.py ../../datasets/LINEAR model.pt
    deps:
    - path: ../../datasets/LINEAR
      md5: 600a87a83b564e9377b8d5fb61a4518f.dir
      size: 79351736
      nfiles: 14389
    - path: ../../src/train_periodogram.py
      md5: 860b9991aa4ff89944141ce7cea752b3
      size: 2100
    - path: ../../src/transforms_dataloader.py
      md5: 0a1f51d9707ee8b49c2c00d7e6cad0b9
      size: 4764
    - path: ../../src/transforms_datasets.py
      md5: de5b66db50112cd77e1b10bfb70fc0c4
      size: 1302
    params:
      params.yaml:
        dataset_seed: 1234
        interpolator: kernel
        lr: 0.001
        n_grid: 100
        nepochs: 100
    outs:
    - path: model.pt
      md5: ffaa4095c417b47625554e84f63ad6c9
      size: 21071
    - path: training_metrics
      md5: 55a625cfa3ce81132ca01864c0fe552a.dir
      size: 7544
      nfiles: 2
